
Microsoft Visual Studio Solution File, Format Version 12.00
# Visual Studio Version 17
VisualStudioVersion = 17.13.35913.81 d17.13
MinimumVisualStudioVersion = 10.0.40219.1
Project("{FAE04EC0-301F-11D3-BF4B-00C04F79EFBC}") = "Algebra_Lineal", "Algebra_Lineal\Algebra_Lineal.csproj", "{3E72EE36-480C-4229-9593-87AF16C284D1}"
EndProject
Project("{FAE04EC0-301F-11D3-BF4B-00C04F79EFBC}") = "Dot_product", "Dot_product\Dot_product.csproj", "{AFA3C087-F2AD-463B-AA1F-40B505911261}"
EndProject
Project("{FAE04EC0-301F-11D3-BF4B-00C04F79EFBC}") = "Suma_Vectores", "Suma_Vectores\Suma_Vectores.csproj", "{74D3E8AB-FD10-4E9A-B970-2DEEF1AA035F}"
EndProject
Global
	GlobalSection(SolutionConfigurationPlatforms) = preSolution
		Debug|Any CPU = Debug|Any CPU
		Release|Any CPU = Release|Any CPU
	EndGlobalSection
	GlobalSection(ProjectConfigurationPlatforms) = postSolution
		{3E72EE36-480C-4229-9593-87AF16C284D1}.Debug|Any CPU.ActiveCfg = Debug|Any CPU
		{3E72EE36-480C-4229-9593-87AF16C284D1}.Debug|Any CPU.Build.0 = Debug|Any CPU
		{3E72EE36-480C-4229-9593-87AF16C284D1}.Release|Any CPU.ActiveCfg = Release|Any CPU
		{3E72EE36-480C-4229-9593-87AF16C284D1}.Release|Any CPU.Build.0 = Release|Any CPU
		{AFA3C087-F2AD-463B-AA1F-40B505911261}.Debug|Any CPU.ActiveCfg = Debug|Any CPU
		{AFA3C087-F2AD-463B-AA1F-40B505911261}.Debug|Any CPU.Build.0 = Debug|Any CPU
		{AFA3C087-F2AD-463B-AA1F-40B505911261}.Release|Any CPU.ActiveCfg = Release|Any CPU
		{AFA3C087-F2AD-463B-AA1F-40B505911261}.Release|Any CPU.Build.0 = Release|Any CPU
		{74D3E8AB-FD10-4E9A-B970-2DEEF1AA035F}.Debug|Any CPU.ActiveCfg = Debug|Any CPU
		{74D3E8AB-FD10-4E9A-B970-2DEEF1AA035F}.Debug|Any CPU.Build.0 = Debug|Any CPU
		{74D3E8AB-FD10-4E9A-B970-2DEEF1AA035F}.Release|Any CPU.ActiveCfg = Release|Any CPU
		{74D3E8AB-FD10-4E9A-B970-2DEEF1AA035F}.Release|Any CPU.Build.0 = Release|Any CPU
	EndGlobalSection
	GlobalSection(SolutionProperties) = preSolution
		HideSolutionNode = FALSE
	EndGlobalSection
	GlobalSection(ExtensibilityGlobals) = postSolution
		SolutionGuid = {6AD59A58-4A49-41FA-9F97-06673F711B0D}
	EndGlobalSection
EndGlobal
