
Microsoft Visual Studio Solution File, Format Version 12.00
# Visual Studio Version 17
VisualStudioVersion = 17.13.35913.81
MinimumVisualStudioVersion = 10.0.40219.1
Project("{FAE04EC0-301F-11D3-BF4B-00C04F79EFBC}") = "robotica_ejercicios_vectores", "robotica_ejercicios_vectores\robotica_ejercicios_vectores.csproj", "{5A5E2AB8-EB51-47AD-9076-FDA6777FB9C3}"
EndProject
Project("{FAE04EC0-301F-11D3-BF4B-00C04F79EFBC}") = "Suma_Vectores", "Suma_Vectores\Suma_Vectores.csproj", "{A580F4A1-1C72-4390-89E6-1E6E31747887}"
EndProject
Project("{FAE04EC0-301F-11D3-BF4B-00C04F79EFBC}") = "Multiplicacion_Vectores", "Multiplicacion_Vectores\Multiplicacion_Vectores.csproj", "{1F882EC3-9DD0-4CA9-9528-35A9055BDDA8}"
EndProject
Project("{FAE04EC0-301F-11D3-BF4B-00C04F79EFBC}") = "String_To_DoubleVector", "String_To_DoubleVector\String_To_DoubleVector.csproj", "{CAB08EBD-3B9C-4EE9-850F-F208240964B2}"
EndProject
Global
	GlobalSection(SolutionConfigurationPlatforms) = preSolution
		Debug|Any CPU = Debug|Any CPU
		Release|Any CPU = Release|Any CPU
	EndGlobalSection
	GlobalSection(ProjectConfigurationPlatforms) = postSolution
		{5A5E2AB8-EB51-47AD-9076-FDA6777FB9C3}.Debug|Any CPU.ActiveCfg = Debug|Any CPU
		{5A5E2AB8-EB51-47AD-9076-FDA6777FB9C3}.Debug|Any CPU.Build.0 = Debug|Any CPU
		{5A5E2AB8-EB51-47AD-9076-FDA6777FB9C3}.Release|Any CPU.ActiveCfg = Release|Any CPU
		{5A5E2AB8-EB51-47AD-9076-FDA6777FB9C3}.Release|Any CPU.Build.0 = Release|Any CPU
		{A580F4A1-1C72-4390-89E6-1E6E31747887}.Debug|Any CPU.ActiveCfg = Debug|Any CPU
		{A580F4A1-1C72-4390-89E6-1E6E31747887}.Debug|Any CPU.Build.0 = Debug|Any CPU
		{A580F4A1-1C72-4390-89E6-1E6E31747887}.Release|Any CPU.ActiveCfg = Release|Any CPU
		{A580F4A1-1C72-4390-89E6-1E6E31747887}.Release|Any CPU.Build.0 = Release|Any CPU
		{1F882EC3-9DD0-4CA9-9528-35A9055BDDA8}.Debug|Any CPU.ActiveCfg = Debug|Any CPU
		{1F882EC3-9DD0-4CA9-9528-35A9055BDDA8}.Debug|Any CPU.Build.0 = Debug|Any CPU
		{1F882EC3-9DD0-4CA9-9528-35A9055BDDA8}.Release|Any CPU.ActiveCfg = Release|Any CPU
		{1F882EC3-9DD0-4CA9-9528-35A9055BDDA8}.Release|Any CPU.Build.0 = Release|Any CPU
		{CAB08EBD-3B9C-4EE9-850F-F208240964B2}.Debug|Any CPU.ActiveCfg = Debug|Any CPU
		{CAB08EBD-3B9C-4EE9-850F-F208240964B2}.Debug|Any CPU.Build.0 = Debug|Any CPU
		{CAB08EBD-3B9C-4EE9-850F-F208240964B2}.Release|Any CPU.ActiveCfg = Release|Any CPU
		{CAB08EBD-3B9C-4EE9-850F-F208240964B2}.Release|Any CPU.Build.0 = Release|Any CPU
	EndGlobalSection
	GlobalSection(SolutionProperties) = preSolution
		HideSolutionNode = FALSE
	EndGlobalSection
	GlobalSection(ExtensibilityGlobals) = postSolution
		SolutionGuid = {A8C7E256-9299-4DE0-A8C7-5E936A73BC32}
	EndGlobalSection
EndGlobal
